
Microsoft Visual Studio Solution File, Format Version 11.00
# Visual Studio 2010
Project("{FAE04EC0-301F-11D3-BF4B-00C04F79EFBC}") = "Lottery.Entity", "Lottery.Entity.csproj", "{17A4CF66-B240-4A8F-8137-C134CA6A2C89}"
EndProject
Global
	GlobalSection(SolutionConfigurationPlatforms) = preSolution
		Debug|Any CPU = Debug|Any CPU
		Release|Any CPU = Release|Any CPU
	EndGlobalSection
	GlobalSection(ProjectConfigurationPlatforms) = postSolution
		{17A4CF66-B240-4A8F-8137-C134CA6A2C89}.Debug|Any CPU.ActiveCfg = Debug|Any CPU
		{17A4CF66-B240-4A8F-8137-C134CA6A2C89}.Debug|Any CPU.Build.0 = Debug|Any CPU
		{17A4CF66-B240-4A8F-8137-C134CA6A2C89}.Release|Any CPU.ActiveCfg = Release|Any CPU
		{17A4CF66-B240-4A8F-8137-C134CA6A2C89}.Release|Any CPU.Build.0 = Release|Any CPU
	EndGlobalSection
	GlobalSection(SolutionProperties) = preSolution
		HideSolutionNode = FALSE
	EndGlobalSection
EndGlobal
