
Microsoft Visual Studio Solution File, Format Version 12.00
# Visual Studio 2013
VisualStudioVersion = 12.0.21005.1
MinimumVisualStudioVersion = 10.0.40219.1
Project("{FAE04EC0-301F-11D3-BF4B-00C04F79EFBC}") = "Lottery.Utils", "Lottery.Utils\Lottery.Utils.csproj", "{7FDE2B50-2656-4ED1-8C0C-D6547FE9A21A}"
EndProject
Project("{FAE04EC0-301F-11D3-BF4B-00C04F79EFBC}") = "Lottery.Entity", "Lottery.Entity\Lottery.Entity.csproj", "{17A4CF66-B240-4A8F-8137-C134CA6A2C89}"
EndProject
Project("{FAE04EC0-301F-11D3-BF4B-00C04F79EFBC}") = "Lottery.DBUtility", "Lottery.DBUtility\Lottery.DBUtility.csproj", "{71E9AC32-7EAF-4677-9B25-9ADB150F8BCF}"
EndProject
Project("{FAE04EC0-301F-11D3-BF4B-00C04F79EFBC}") = "Lottery.DAL", "Lottery.DAL\Lottery.DAL.csproj", "{90C59389-0AF4-4C84-B839-4B50C5CC3027}"
EndProject
Project("{FAE04EC0-301F-11D3-BF4B-00C04F79EFBC}") = "Lottery.FFApp", "Lottery.FFApp\Lottery.FFApp.csproj", "{C160EF7E-6D06-4CAB-8942-6BCCEBA037E2}"
EndProject
Project("{FAE04EC0-301F-11D3-BF4B-00C04F79EFBC}") = "Lottery.Admin", "Lottery.Admin\Lottery.Admin.csproj", "{AE5D9373-2D6C-4974-81C3-ACCD93B04120}"
EndProject
Project("{FAE04EC0-301F-11D3-BF4B-00C04F79EFBC}") = "Lottery.IPhone", "Lottery.IPhone\Lottery.IPhone.csproj", "{6CDA61E2-AB5B-4F56-ADC1-5797C6464F57}"
EndProject
Project("{FAE04EC0-301F-11D3-BF4B-00C04F79EFBC}") = "Lottery.WinService", "Lottery.WinService\Lottery.WinService.csproj", "{5A57B64B-7E4A-4D39-B149-727258688B61}"
EndProject
Project("{FAE04EC0-301F-11D3-BF4B-00C04F79EFBC}") = "Lottery.Collect", "Lottery.Collect\Lottery.Collect.csproj", "{8DB8A3F8-22F8-49A3-8271-ADEC06AF09F1}"
EndProject
Project("{FAE04EC0-301F-11D3-BF4B-00C04F79EFBC}") = "Lottery.FFCache", "Lottery.FFCache\Lottery.FFCache.csproj", "{13E68FAE-A641-4E95-B08A-A6614BF530C8}"
EndProject
Project("{FAE04EC0-301F-11D3-BF4B-00C04F79EFBC}") = "ConsoleApplication1", "ConsoleApplication1\ConsoleApplication1.csproj", "{DAE28DA2-53AF-4B39-9EBB-018567DC654A}"
EndProject
Project("{FAE04EC0-301F-11D3-BF4B-00C04F79EFBC}") = "Lottery.FFModel", "Lottery.FFModel\Lottery.FFModel.csproj", "{B23E670B-D80B-46BB-AE7F-882EC8F10E70}"
EndProject
Project("{2150E333-8FDC-42A3-9474-1A3956D46DE8}") = "01.Portal", "01.Portal", "{B5D72D69-B6BF-4F30-9B1E-343CE01DF280}"
EndProject
Project("{2150E333-8FDC-42A3-9474-1A3956D46DE8}") = "02.Libraries", "02.Libraries", "{88FB75ED-73D8-4251-B80E-ED98AC463CCB}"
EndProject
Project("{2150E333-8FDC-42A3-9474-1A3956D46DE8}") = "04.Test", "04.Test", "{F53E9417-78AF-4EC9-A97E-A44647ADB959}"
EndProject
Project("{FAE04EC0-301F-11D3-BF4B-00C04F79EFBC}") = "Lottery.Core", "Lottery.Core\Lottery.Core.csproj", "{AC158D07-4B7D-4DD1-9061-BD4D126EFF93}"
EndProject
Project("{FAE04EC0-301F-11D3-BF4B-00C04F79EFBC}") = "Lottery.Service", "Lottery.Service\Lottery.Service.csproj", "{3DEC380A-4BD1-46B7-803A-14D87A7F4256}"
EndProject
Project("{FAE04EC0-301F-11D3-BF4B-00C04F79EFBC}") = "Lottery.FFData", "Lottery.FFData\Lottery.FFData.csproj", "{05F71969-D197-4194-BB5C-04C666CBC869}"
EndProject
Project("{2150E333-8FDC-42A3-9474-1A3956D46DE8}") = "03.Libraries", "03.Libraries", "{0EA050CB-C2C0-4EE0-9313-F7444F6FA898}"
EndProject
Project("{2150E333-8FDC-42A3-9474-1A3956D46DE8}") = ".nuget", ".nuget", "{B50F2371-D4CC-4CFF-A57C-F7A647F64101}"
	ProjectSection(SolutionItems) = preProject
		.nuget\NuGet.Config = .nuget\NuGet.Config
		.nuget\NuGet.exe = .nuget\NuGet.exe
		.nuget\NuGet.targets = .nuget\NuGet.targets
	EndProjectSection
EndProject
Project("{FAE04EC0-301F-11D3-BF4B-00C04F79EFBC}") = "Lottery.Api", "Lottery.Api\Lottery.Api.csproj", "{8591A262-0EE5-4A27-A223-0B150419DB07}"
EndProject
Global
	GlobalSection(SolutionConfigurationPlatforms) = preSolution
		Debug|Any CPU = Debug|Any CPU
		Release|Any CPU = Release|Any CPU
	EndGlobalSection
	GlobalSection(ProjectConfigurationPlatforms) = postSolution
		{7FDE2B50-2656-4ED1-8C0C-D6547FE9A21A}.Debug|Any CPU.ActiveCfg = Debug|Any CPU
		{7FDE2B50-2656-4ED1-8C0C-D6547FE9A21A}.Debug|Any CPU.Build.0 = Debug|Any CPU
		{7FDE2B50-2656-4ED1-8C0C-D6547FE9A21A}.Release|Any CPU.ActiveCfg = Release|Any CPU
		{7FDE2B50-2656-4ED1-8C0C-D6547FE9A21A}.Release|Any CPU.Build.0 = Release|Any CPU
		{17A4CF66-B240-4A8F-8137-C134CA6A2C89}.Debug|Any CPU.ActiveCfg = Debug|Any CPU
		{17A4CF66-B240-4A8F-8137-C134CA6A2C89}.Debug|Any CPU.Build.0 = Debug|Any CPU
		{17A4CF66-B240-4A8F-8137-C134CA6A2C89}.Release|Any CPU.ActiveCfg = Release|Any CPU
		{17A4CF66-B240-4A8F-8137-C134CA6A2C89}.Release|Any CPU.Build.0 = Release|Any CPU
		{71E9AC32-7EAF-4677-9B25-9ADB150F8BCF}.Debug|Any CPU.ActiveCfg = Debug|Any CPU
		{71E9AC32-7EAF-4677-9B25-9ADB150F8BCF}.Debug|Any CPU.Build.0 = Debug|Any CPU
		{71E9AC32-7EAF-4677-9B25-9ADB150F8BCF}.Release|Any CPU.ActiveCfg = Release|Any CPU
		{71E9AC32-7EAF-4677-9B25-9ADB150F8BCF}.Release|Any CPU.Build.0 = Release|Any CPU
		{90C59389-0AF4-4C84-B839-4B50C5CC3027}.Debug|Any CPU.ActiveCfg = Debug|Any CPU
		{90C59389-0AF4-4C84-B839-4B50C5CC3027}.Debug|Any CPU.Build.0 = Debug|Any CPU
		{90C59389-0AF4-4C84-B839-4B50C5CC3027}.Release|Any CPU.ActiveCfg = Release|Any CPU
		{90C59389-0AF4-4C84-B839-4B50C5CC3027}.Release|Any CPU.Build.0 = Release|Any CPU
		{C160EF7E-6D06-4CAB-8942-6BCCEBA037E2}.Debug|Any CPU.ActiveCfg = Debug|Any CPU
		{C160EF7E-6D06-4CAB-8942-6BCCEBA037E2}.Debug|Any CPU.Build.0 = Debug|Any CPU
		{C160EF7E-6D06-4CAB-8942-6BCCEBA037E2}.Release|Any CPU.ActiveCfg = Release|Any CPU
		{C160EF7E-6D06-4CAB-8942-6BCCEBA037E2}.Release|Any CPU.Build.0 = Release|Any CPU
		{AE5D9373-2D6C-4974-81C3-ACCD93B04120}.Debug|Any CPU.ActiveCfg = Debug|Any CPU
		{AE5D9373-2D6C-4974-81C3-ACCD93B04120}.Debug|Any CPU.Build.0 = Debug|Any CPU
		{AE5D9373-2D6C-4974-81C3-ACCD93B04120}.Release|Any CPU.ActiveCfg = Release|Any CPU
		{AE5D9373-2D6C-4974-81C3-ACCD93B04120}.Release|Any CPU.Build.0 = Release|Any CPU
		{6CDA61E2-AB5B-4F56-ADC1-5797C6464F57}.Debug|Any CPU.ActiveCfg = Debug|Any CPU
		{6CDA61E2-AB5B-4F56-ADC1-5797C6464F57}.Debug|Any CPU.Build.0 = Debug|Any CPU
		{6CDA61E2-AB5B-4F56-ADC1-5797C6464F57}.Release|Any CPU.ActiveCfg = Release|Any CPU
		{6CDA61E2-AB5B-4F56-ADC1-5797C6464F57}.Release|Any CPU.Build.0 = Release|Any CPU
		{5A57B64B-7E4A-4D39-B149-727258688B61}.Debug|Any CPU.ActiveCfg = Debug|Any CPU
		{5A57B64B-7E4A-4D39-B149-727258688B61}.Debug|Any CPU.Build.0 = Debug|Any CPU
		{5A57B64B-7E4A-4D39-B149-727258688B61}.Release|Any CPU.ActiveCfg = Release|Any CPU
		{5A57B64B-7E4A-4D39-B149-727258688B61}.Release|Any CPU.Build.0 = Release|Any CPU
		{8DB8A3F8-22F8-49A3-8271-ADEC06AF09F1}.Debug|Any CPU.ActiveCfg = Debug|Any CPU
		{8DB8A3F8-22F8-49A3-8271-ADEC06AF09F1}.Debug|Any CPU.Build.0 = Debug|Any CPU
		{8DB8A3F8-22F8-49A3-8271-ADEC06AF09F1}.Release|Any CPU.ActiveCfg = Release|Any CPU
		{8DB8A3F8-22F8-49A3-8271-ADEC06AF09F1}.Release|Any CPU.Build.0 = Release|Any CPU
		{13E68FAE-A641-4E95-B08A-A6614BF530C8}.Debug|Any CPU.ActiveCfg = Debug|Any CPU
		{13E68FAE-A641-4E95-B08A-A6614BF530C8}.Debug|Any CPU.Build.0 = Debug|Any CPU
		{13E68FAE-A641-4E95-B08A-A6614BF530C8}.Release|Any CPU.ActiveCfg = Release|Any CPU
		{13E68FAE-A641-4E95-B08A-A6614BF530C8}.Release|Any CPU.Build.0 = Release|Any CPU
		{DAE28DA2-53AF-4B39-9EBB-018567DC654A}.Debug|Any CPU.ActiveCfg = Debug|Any CPU
		{DAE28DA2-53AF-4B39-9EBB-018567DC654A}.Debug|Any CPU.Build.0 = Debug|Any CPU
		{DAE28DA2-53AF-4B39-9EBB-018567DC654A}.Release|Any CPU.ActiveCfg = Release|Any CPU
		{DAE28DA2-53AF-4B39-9EBB-018567DC654A}.Release|Any CPU.Build.0 = Release|Any CPU
		{B23E670B-D80B-46BB-AE7F-882EC8F10E70}.Debug|Any CPU.ActiveCfg = Debug|Any CPU
		{B23E670B-D80B-46BB-AE7F-882EC8F10E70}.Debug|Any CPU.Build.0 = Debug|Any CPU
		{B23E670B-D80B-46BB-AE7F-882EC8F10E70}.Release|Any CPU.ActiveCfg = Release|Any CPU
		{B23E670B-D80B-46BB-AE7F-882EC8F10E70}.Release|Any CPU.Build.0 = Release|Any CPU
		{AC158D07-4B7D-4DD1-9061-BD4D126EFF93}.Debug|Any CPU.ActiveCfg = Debug|Any CPU
		{AC158D07-4B7D-4DD1-9061-BD4D126EFF93}.Debug|Any CPU.Build.0 = Debug|Any CPU
		{AC158D07-4B7D-4DD1-9061-BD4D126EFF93}.Release|Any CPU.ActiveCfg = Release|Any CPU
		{AC158D07-4B7D-4DD1-9061-BD4D126EFF93}.Release|Any CPU.Build.0 = Release|Any CPU
		{3DEC380A-4BD1-46B7-803A-14D87A7F4256}.Debug|Any CPU.ActiveCfg = Debug|Any CPU
		{3DEC380A-4BD1-46B7-803A-14D87A7F4256}.Debug|Any CPU.Build.0 = Debug|Any CPU
		{3DEC380A-4BD1-46B7-803A-14D87A7F4256}.Release|Any CPU.ActiveCfg = Release|Any CPU
		{3DEC380A-4BD1-46B7-803A-14D87A7F4256}.Release|Any CPU.Build.0 = Release|Any CPU
		{05F71969-D197-4194-BB5C-04C666CBC869}.Debug|Any CPU.ActiveCfg = Debug|Any CPU
		{05F71969-D197-4194-BB5C-04C666CBC869}.Debug|Any CPU.Build.0 = Debug|Any CPU
		{05F71969-D197-4194-BB5C-04C666CBC869}.Release|Any CPU.ActiveCfg = Release|Any CPU
		{05F71969-D197-4194-BB5C-04C666CBC869}.Release|Any CPU.Build.0 = Release|Any CPU
		{8591A262-0EE5-4A27-A223-0B150419DB07}.Debug|Any CPU.ActiveCfg = Debug|Any CPU
		{8591A262-0EE5-4A27-A223-0B150419DB07}.Debug|Any CPU.Build.0 = Debug|Any CPU
		{8591A262-0EE5-4A27-A223-0B150419DB07}.Release|Any CPU.ActiveCfg = Release|Any CPU
		{8591A262-0EE5-4A27-A223-0B150419DB07}.Release|Any CPU.Build.0 = Release|Any CPU
	EndGlobalSection
	GlobalSection(SolutionProperties) = preSolution
		HideSolutionNode = FALSE
	EndGlobalSection
	GlobalSection(NestedProjects) = preSolution
		{17A4CF66-B240-4A8F-8137-C134CA6A2C89} = {88FB75ED-73D8-4251-B80E-ED98AC463CCB}
		{71E9AC32-7EAF-4677-9B25-9ADB150F8BCF} = {88FB75ED-73D8-4251-B80E-ED98AC463CCB}
		{90C59389-0AF4-4C84-B839-4B50C5CC3027} = {88FB75ED-73D8-4251-B80E-ED98AC463CCB}
		{7FDE2B50-2656-4ED1-8C0C-D6547FE9A21A} = {88FB75ED-73D8-4251-B80E-ED98AC463CCB}
		{AE5D9373-2D6C-4974-81C3-ACCD93B04120} = {B5D72D69-B6BF-4F30-9B1E-343CE01DF280}
		{6CDA61E2-AB5B-4F56-ADC1-5797C6464F57} = {B5D72D69-B6BF-4F30-9B1E-343CE01DF280}
		{5A57B64B-7E4A-4D39-B149-727258688B61} = {B5D72D69-B6BF-4F30-9B1E-343CE01DF280}
		{8DB8A3F8-22F8-49A3-8271-ADEC06AF09F1} = {B5D72D69-B6BF-4F30-9B1E-343CE01DF280}
		{C160EF7E-6D06-4CAB-8942-6BCCEBA037E2} = {B5D72D69-B6BF-4F30-9B1E-343CE01DF280}
		{8591A262-0EE5-4A27-A223-0B150419DB07} = {B5D72D69-B6BF-4F30-9B1E-343CE01DF280}
		{DAE28DA2-53AF-4B39-9EBB-018567DC654A} = {F53E9417-78AF-4EC9-A97E-A44647ADB959}
		{AC158D07-4B7D-4DD1-9061-BD4D126EFF93} = {0EA050CB-C2C0-4EE0-9313-F7444F6FA898}
		{3DEC380A-4BD1-46B7-803A-14D87A7F4256} = {0EA050CB-C2C0-4EE0-9313-F7444F6FA898}
		{05F71969-D197-4194-BB5C-04C666CBC869} = {0EA050CB-C2C0-4EE0-9313-F7444F6FA898}
		{B23E670B-D80B-46BB-AE7F-882EC8F10E70} = {0EA050CB-C2C0-4EE0-9313-F7444F6FA898}
		{13E68FAE-A641-4E95-B08A-A6614BF530C8} = {0EA050CB-C2C0-4EE0-9313-F7444F6FA898}
	EndGlobalSection
EndGlobal
